
Microsoft Visual Studio Solution File, Format Version 11.00
# Visual Studio 2010
Project("{FAE04EC0-301F-11D3-BF4B-00C04F79EFBC}") = "RentalMobile", "RentalMobile\RentalMobile.csproj", "{7E67FC65-FF32-43FA-875C-401948AAA097}"
EndProject
Project("{FAE04EC0-301F-11D3-BF4B-00C04F79EFBC}") = "Helper", "Helper\Helper.csproj", "{21A35F0E-3FAA-4FCF-A213-9B7D2D1F1022}"
EndProject
Project("{2150E333-8FDC-42A3-9474-1A3956D46DE8}") = "Solution Items", "Solution Items", "{7E7AE230-4290-4D46-96D1-6171AE70F05B}"
	ProjectSection(SolutionItems) = preProject
		Local.testsettings = Local.testsettings
		RentalMobile.vsmdi = RentalMobile.vsmdi
		TraceAndTestImpact.testsettings = TraceAndTestImpact.testsettings
	EndProjectSection
EndProject
Project("{FAE04EC0-301F-11D3-BF4B-00C04F79EFBC}") = "Westwind.plUploadHandler", "Westwind.plUploadHandler\Westwind.plUploadHandler.csproj", "{913A8E97-DC0B-4D26-AB59-4AC5C232910E}"
EndProject
Global
	GlobalSection(TestCaseManagementSettings) = postSolution
		CategoryFile = RentalMobile.vsmdi
	EndGlobalSection
	GlobalSection(SolutionConfigurationPlatforms) = preSolution
		Debug|Any CPU = Debug|Any CPU
		Release|Any CPU = Release|Any CPU
	EndGlobalSection
	GlobalSection(ProjectConfigurationPlatforms) = postSolution
		{7E67FC65-FF32-43FA-875C-401948AAA097}.Debug|Any CPU.ActiveCfg = Debug|Any CPU
		{7E67FC65-FF32-43FA-875C-401948AAA097}.Debug|Any CPU.Build.0 = Debug|Any CPU
		{7E67FC65-FF32-43FA-875C-401948AAA097}.Release|Any CPU.ActiveCfg = Release|Any CPU
		{7E67FC65-FF32-43FA-875C-401948AAA097}.Release|Any CPU.Build.0 = Release|Any CPU
		{21A35F0E-3FAA-4FCF-A213-9B7D2D1F1022}.Debug|Any CPU.ActiveCfg = Debug|Any CPU
		{21A35F0E-3FAA-4FCF-A213-9B7D2D1F1022}.Debug|Any CPU.Build.0 = Debug|Any CPU
		{21A35F0E-3FAA-4FCF-A213-9B7D2D1F1022}.Release|Any CPU.ActiveCfg = Release|Any CPU
		{21A35F0E-3FAA-4FCF-A213-9B7D2D1F1022}.Release|Any CPU.Build.0 = Release|Any CPU
		{913A8E97-DC0B-4D26-AB59-4AC5C232910E}.Debug|Any CPU.ActiveCfg = Debug|Any CPU
		{913A8E97-DC0B-4D26-AB59-4AC5C232910E}.Debug|Any CPU.Build.0 = Debug|Any CPU
		{913A8E97-DC0B-4D26-AB59-4AC5C232910E}.Release|Any CPU.ActiveCfg = Release|Any CPU
		{913A8E97-DC0B-4D26-AB59-4AC5C232910E}.Release|Any CPU.Build.0 = Release|Any CPU
	EndGlobalSection
	GlobalSection(SolutionProperties) = preSolution
		HideSolutionNode = FALSE
	EndGlobalSection
EndGlobal
