
Microsoft Visual Studio Solution File, Format Version 12.00
# Visual Studio 2013
VisualStudioVersion = 12.0.31101.0
MinimumVisualStudioVersion = 10.0.40219.1
Project("{FAE04EC0-301F-11D3-BF4B-00C04F79EFBC}") = "RentalMobile", "RentalMobile.csproj", "{7E67FC65-FF32-43FA-875C-401948AAA097}"
EndProject
Project("{FAE04EC0-301F-11D3-BF4B-00C04F79EFBC}") = "Westwind.plUploadHandler", "..\Westwind.plUploadHandler\Westwind.plUploadHandler.csproj", "{913A8E97-DC0B-4D26-AB59-4AC5C232910E}"
EndProject
Project("{FAE04EC0-301F-11D3-BF4B-00C04F79EFBC}") = "RentalModel.Repository", "..\RentalModel.Repository\RentalModel.Repository.csproj", "{8C07283F-1394-4F91-B4DC-850436BCD0AD}"
EndProject
Project("{FAE04EC0-301F-11D3-BF4B-00C04F79EFBC}") = "RentalMobile.Model", "..\RentalMobile.Model\RentalMobile.Model.csproj", "{3B753DDF-58F6-42E5-BD18-E1903B50589B}"
EndProject
Project("{FAE04EC0-301F-11D3-BF4B-00C04F79EFBC}") = "RentalMobile.Test", "..\RentalModel.Test\RentalMobile.Test.csproj", "{7DE53F95-95D2-42DC-A985-B5BC80BDBB86}"
EndProject
Project("{FAE04EC0-301F-11D3-BF4B-00C04F79EFBC}") = "RentalMobile.Documentation", "..\Rental.Documentation\RentalMobile.Documentation.csproj", "{CAE25840-E7EC-44BB-B405-AFC704987AAF}"
EndProject
Project("{2150E333-8FDC-42A3-9474-1A3956D46DE8}") = "ToDo", "ToDo", "{AAF63A46-2C21-40F1-A9AC-7E9669E92417}"
	ProjectSection(SolutionItems) = preProject
		ToDO.txt = ToDO.txt
	EndProjectSection
EndProject
Global
	GlobalSection(SolutionConfigurationPlatforms) = preSolution
		Debug|Any CPU = Debug|Any CPU
		Release|Any CPU = Release|Any CPU
	EndGlobalSection
	GlobalSection(ProjectConfigurationPlatforms) = postSolution
		{7E67FC65-FF32-43FA-875C-401948AAA097}.Debug|Any CPU.ActiveCfg = Debug|Any CPU
		{7E67FC65-FF32-43FA-875C-401948AAA097}.Debug|Any CPU.Build.0 = Debug|Any CPU
		{7E67FC65-FF32-43FA-875C-401948AAA097}.Release|Any CPU.ActiveCfg = Release|Any CPU
		{7E67FC65-FF32-43FA-875C-401948AAA097}.Release|Any CPU.Build.0 = Release|Any CPU
		{913A8E97-DC0B-4D26-AB59-4AC5C232910E}.Debug|Any CPU.ActiveCfg = Debug|Any CPU
		{913A8E97-DC0B-4D26-AB59-4AC5C232910E}.Debug|Any CPU.Build.0 = Debug|Any CPU
		{913A8E97-DC0B-4D26-AB59-4AC5C232910E}.Release|Any CPU.ActiveCfg = Release|Any CPU
		{913A8E97-DC0B-4D26-AB59-4AC5C232910E}.Release|Any CPU.Build.0 = Release|Any CPU
		{8C07283F-1394-4F91-B4DC-850436BCD0AD}.Debug|Any CPU.ActiveCfg = Debug|Any CPU
		{8C07283F-1394-4F91-B4DC-850436BCD0AD}.Debug|Any CPU.Build.0 = Debug|Any CPU
		{8C07283F-1394-4F91-B4DC-850436BCD0AD}.Release|Any CPU.ActiveCfg = Release|Any CPU
		{8C07283F-1394-4F91-B4DC-850436BCD0AD}.Release|Any CPU.Build.0 = Release|Any CPU
		{3B753DDF-58F6-42E5-BD18-E1903B50589B}.Debug|Any CPU.ActiveCfg = Debug|Any CPU
		{3B753DDF-58F6-42E5-BD18-E1903B50589B}.Debug|Any CPU.Build.0 = Debug|Any CPU
		{3B753DDF-58F6-42E5-BD18-E1903B50589B}.Release|Any CPU.ActiveCfg = Release|Any CPU
		{3B753DDF-58F6-42E5-BD18-E1903B50589B}.Release|Any CPU.Build.0 = Release|Any CPU
		{7DE53F95-95D2-42DC-A985-B5BC80BDBB86}.Debug|Any CPU.ActiveCfg = Debug|Any CPU
		{7DE53F95-95D2-42DC-A985-B5BC80BDBB86}.Debug|Any CPU.Build.0 = Debug|Any CPU
		{7DE53F95-95D2-42DC-A985-B5BC80BDBB86}.Release|Any CPU.ActiveCfg = Release|Any CPU
		{7DE53F95-95D2-42DC-A985-B5BC80BDBB86}.Release|Any CPU.Build.0 = Release|Any CPU
		{CAE25840-E7EC-44BB-B405-AFC704987AAF}.Debug|Any CPU.ActiveCfg = Debug|Any CPU
		{CAE25840-E7EC-44BB-B405-AFC704987AAF}.Debug|Any CPU.Build.0 = Debug|Any CPU
		{CAE25840-E7EC-44BB-B405-AFC704987AAF}.Release|Any CPU.ActiveCfg = Release|Any CPU
		{CAE25840-E7EC-44BB-B405-AFC704987AAF}.Release|Any CPU.Build.0 = Release|Any CPU
	EndGlobalSection
	GlobalSection(SolutionProperties) = preSolution
		HideSolutionNode = FALSE
	EndGlobalSection
EndGlobal
